// !$*UTF8*$!
{
	archiveVersion = 1;
	classes = {
	};
	objectVersion = 50;
	objects = {

/* Begin PBXBuildFile section */
		265FCBD424A5958A00EA9155 /* InputViewController.swift in Sources */ = {isa = PBXBuildFile; fileRef = 265FCBD324A5958A00EA9155 /* InputViewController.swift */; };
		2666C90924A495EE009D7F6C /* AppDelegate.swift in Sources */ = {isa = PBXBuildFile; fileRef = 2666C90824A495EE009D7F6C /* AppDelegate.swift */; };
		2666C90B24A495EE009D7F6C /* SceneDelegate.swift in Sources */ = {isa = PBXBuildFile; fileRef = 2666C90A24A495EE009D7F6C /* SceneDelegate.swift */; };
		2666C90D24A495EE009D7F6C /* ViewController.swift in Sources */ = {isa = PBXBuildFile; fileRef = 2666C90C24A495EE009D7F6C /* ViewController.swift */; };
		2666C91024A495EE009D7F6C /* Main.storyboard in Resources */ = {isa = PBXBuildFile; fileRef = 2666C90E24A495EE009D7F6C /* Main.storyboard */; };
		2666C91224A495EF009D7F6C /* Assets.xcassets in Resources */ = {isa = PBXBuildFile; fileRef = 2666C91124A495EF009D7F6C /* Assets.xcassets */; };
		2666C91524A495EF009D7F6C /* LaunchScreen.storyboard in Resources */ = {isa = PBXBuildFile; fileRef = 2666C91324A495EF009D7F6C /* LaunchScreen.storyboard */; };
		2666C91E24A497F4009D7F6C /* CustomCell.swift in Sources */ = {isa = PBXBuildFile; fileRef = 2666C91C24A497F4009D7F6C /* CustomCell.swift */; };
		2666C91F24A497F4009D7F6C /* CustomCell.xib in Resources */ = {isa = PBXBuildFile; fileRef = 2666C91D24A497F4009D7F6C /* CustomCell.xib */; };
/* End PBXBuildFile section */

/* Begin PBXFileReference section */
		265FCBD324A5958A00EA9155 /* InputViewController.swift */ = {isa = PBXFileReference; lastKnownFileType = sourcecode.swift; path = InputViewController.swift; sourceTree = "<group>"; };
		2666C90524A495EE009D7F6C /* collectionView.app */ = {isa = PBXFileReference; explicitFileType = wrapper.application; includeInIndex = 0; path = collectionView.app; sourceTree = BUILT_PRODUCTS_DIR; };
		2666C90824A495EE009D7F6C /* AppDelegate.swift */ = {isa = PBXFileReference; lastKnownFileType = sourcecode.swift; path = AppDelegate.swift; sourceTree = "<group>"; };
		2666C90A24A495EE009D7F6C /* SceneDelegate.swift */ = {isa = PBXFileReference; lastKnownFileType = sourcecode.swift; path = SceneDelegate.swift; sourceTree = "<group>"; };
		2666C90C24A495EE009D7F6C /* ViewController.swift */ = {isa = PBXFileReference; lastKnownFileType = sourcecode.swift; path = ViewController.swift; sourceTree = "<group>"; };
		2666C90F24A495EE009D7F6C /* Base */ = {isa = PBXFileReference; lastKnownFileType = file.storyboard; name = Base; path = Base.lproj/Main.storyboard; sourceTree = "<group>"; };
		2666C91124A495EF009D7F6C /* Assets.xcassets */ = {isa = PBXFileReference; lastKnownFileType = folder.assetcatalog; path = Assets.xcassets; sourceTree = "<group>"; };
		2666C91424A495EF009D7F6C /* Base */ = {isa = PBXFileReference; lastKnownFileType = file.storyboard; name = Base; path = Base.lproj/LaunchScreen.storyboard; sourceTree = "<group>"; };
		2666C91624A495EF009D7F6C /* Info.plist */ = {isa = PBXFileReference; lastKnownFileType = text.plist.xml; path = Info.plist; sourceTree = "<group>"; };
		2666C91C24A497F4009D7F6C /* CustomCell.swift */ = {isa = PBXFileReference; lastKnownFileType = sourcecode.swift; path = CustomCell.swift; sourceTree = "<group>"; };
		2666C91D24A497F4009D7F6C /* CustomCell.xib */ = {isa = PBXFileReference; lastKnownFileType = file.xib; path = CustomCell.xib; sourceTree = "<group>"; };
/* End PBXFileReference section */

/* Begin PBXFrameworksBuildPhase section */
		2666C90224A495EE009D7F6C /* Frameworks */ = {
			isa = PBXFrameworksBuildPhase;
			buildActionMask = 2147483647;
			files = (
			);
			runOnlyForDeploymentPostprocessing = 0;
		};
/* End PBXFrameworksBuildPhase section */

/* Begin PBXGroup section */
		2666C8FC24A495ED009D7F6C = {
			isa = PBXGroup;
			children = (
				2666C90724A495EE009D7F6C /* collectionView */,
				2666C90624A495EE009D7F6C /* Products */,
			);
			sourceTree = "<group>";
		};
		2666C90624A495EE009D7F6C /* Products */ = {
			isa = PBXGroup;
			children = (
				2666C90524A495EE009D7F6C /* collectionView.app */,
			);
			name = Products;
			sourceTree = "<group>";
		};
		2666C90724A495EE009D7F6C /* collectionView */ = {
			isa = PBXGroup;
			children = (
				2666C90824A495EE009D7F6C /* AppDelegate.swift */,
				2666C90A24A495EE009D7F6C /* SceneDelegate.swift */,
				2666C91C24A497F4009D7F6C /* CustomCell.swift */,
				2666C91D24A497F4009D7F6C /* CustomCell.xib */,
				2666C90C24A495EE009D7F6C /* ViewController.swift */,
				2666C90E24A495EE009D7F6C /* Main.storyboard */,
				265FCBD324A5958A00EA9155 /* InputViewController.swift */,
				2666C91124A495EF009D7F6C /* Assets.xcassets */,
				2666C91324A495EF009D7F6C /* LaunchScreen.storyboard */,
				2666C91624A495EF009D7F6C /* Info.plist */,
			);
			path = collectionView;
			sourceTree = "<group>";
		};
/* End PBXGroup section */

/* Begin PBXNativeTarget section */
		2666C90424A495EE009D7F6C /* collectionView */ = {
			isa = PBXNativeTarget;
			buildConfigurationList = 2666C91924A495EF009D7F6C /* Build configuration list for PBXNativeTarget "collectionView" */;
			buildPhases = (
				2666C90124A495EE009D7F6C /* Sources */,
				2666C90224A495EE009D7F6C /* Frameworks */,
				2666C90324A495EE009D7F6C /* Resources */,
			);
			buildRules = (
			);
			dependencies = (
			);
			name = collectionView;
			productName = collectionView;
			productReference = 2666C90524A495EE009D7F6C /* collectionView.app */;
			productType = "com.apple.product-type.application";
		};
/* End PBXNativeTarget section */

/* Begin PBXProject section */
		2666C8FD24A495ED009D7F6C /* Project object */ = {
			isa = PBXProject;
			attributes = {
				LastSwiftUpdateCheck = 1110;
				LastUpgradeCheck = 1110;
				ORGANIZATIONNAME = qbs0001;
				TargetAttributes = {
					2666C90424A495EE009D7F6C = {
						CreatedOnToolsVersion = 11.1;
					};
				};
			};
			buildConfigurationList = 2666C90024A495ED009D7F6C /* Build configuration list for PBXProject "collectionView" */;
			compatibilityVersion = "Xcode 9.3";
			developmentRegion = en;
			hasScannedForEncodings = 0;
			knownRegions = (
				en,
				Base,
			);
			mainGroup = 2666C8FC24A495ED009D7F6C;
			productRefGroup = 2666C90624A495EE009D7F6C /* Products */;
			projectDirPath = "";
			projectRoot = "";
			targets = (
				2666C90424A495EE009D7F6C /* collectionView */,
			);
		};
/* End PBXProject section */

/* Begin PBXResourcesBuildPhase section */
		2666C90324A495EE009D7F6C /* Resources */ = {
			isa = PBXResourcesBuildPhase;
			buildActionMask = 2147483647;
			files = (
				2666C91524A495EF009D7F6C /* LaunchScreen.storyboard in Resources */,
				2666C91224A495EF009D7F6C /* Assets.xcassets in Resources */,
				2666C91F24A497F4009D7F6C /* CustomCell.xib in Resources */,
				2666C91024A495EE009D7F6C /* Main.storyboard in Resources */,
			);
			runOnlyForDeploymentPostprocessing = 0;
		};
/* End PBXResourcesBuildPhase section */

/* Begin PBXSourcesBuildPhase section */
		2666C90124A495EE009D7F6C /* Sources */ = {
			isa = PBXSourcesBuildPhase;
			buildActionMask = 2147483647;
			files = (
				2666C90D24A495EE009D7F6C /* ViewController.swift in Sources */,
				265FCBD424A5958A00EA9155 /* InputViewController.swift in Sources */,
				2666C90924A495EE009D7F6C /* AppDelegate.swift in Sources */,
				2666C91E24A497F4009D7F6C /* CustomCell.swift in Sources */,
				2666C90B24A495EE009D7F6C /* SceneDelegate.swift in Sources */,
			);
			runOnlyForDeploymentPostprocessing = 0;
		};
/* End PBXSourcesBuildPhase section */

/* Begin PBXVariantGroup section */
		2666C90E24A495EE009D7F6C /* Main.storyboard */ = {
			isa = PBXVariantGroup;
			children = (
				2666C90F24A495EE009D7F6C /* Base */,
			);
			name = Main.storyboard;
			sourceTree = "<group>";
		};
		2666C91324A495EF009D7F6C /* LaunchScreen.storyboard */ = {
			isa = PBXVariantGroup;
			children = (
				2666C91424A495EF009D7F6C /* Base */,
			);
			name = LaunchScreen.storyboard;
			sourceTree = "<group>";
		};
/* End PBXVariantGroup section */

/* Begin XCBuildConfiguration section */
		2666C91724A495EF009D7F6C /* Debug */ = {
			isa = XCBuildConfiguration;
			buildSettings = {
				ALWAYS_SEARCH_USER_PATHS = NO;
				CLANG_ANALYZER_NONNULL = YES;
				CLANG_ANALYZER_NUMBER_OBJECT_CONVERSION = YES_AGGRESSIVE;
				CLANG_CXX_LANGUAGE_STANDARD = "gnu++14";
				CLANG_CXX_LIBRARY = "libc++";
				CLANG_ENABLE_MODULES = YES;
				CLANG_ENABLE_OBJC_ARC = YES;
				CLANG_ENABLE_OBJC_WEAK = YES;
				CLANG_WARN_BLOCK_CAPTURE_AUTORELEASING = YES;
				CLANG_WARN_BOOL_CONVERSION = YES;
				CLANG_WARN_COMMA = YES;
				CLANG_WARN_CONSTANT_CONVERSION = YES;
				CLANG_WARN_DEPRECATED_OBJC_IMPLEMENTATIONS = YES;
				CLANG_WARN_DIRECT_OBJC_ISA_USAGE = YES_ERROR;
				CLANG_WARN_DOCUMENTATION_COMMENTS = YES;
				CLANG_WARN_EMPTY_BODY = YES;
				CLANG_WARN_ENUM_CONVERSION = YES;
				CLANG_WARN_INFINITE_RECURSION = YES;
				CLANG_WARN_INT_CONVERSION = YES;
				CLANG_WARN_NON_LITERAL_NULL_CONVERSION = YES;
				CLANG_WARN_OBJC_IMPLICIT_RETAIN_SELF = YES;
				CLANG_WARN_OBJC_LITERAL_CONVERSION = YES;
				CLANG_WARN_OBJC_ROOT_CLASS = YES_ERROR;
				CLANG_WARN_RANGE_LOOP_ANALYSIS = YES;
				CLANG_WARN_STRICT_PROTOTYPES = YES;
				CLANG_WARN_SUSPICIOUS_MOVE = YES;
				CLANG_WARN_UNGUARDED_AVAILABILITY = YES_AGGRESSIVE;
				CLANG_WARN_UNREACHABLE_CODE = YES;
				CLANG_WARN__DUPLICATE_METHOD_MATCH = YES;
				COPY_PHASE_STRIP = NO;
				DEBUG_INFORMATION_FORMAT = dwarf;
				ENABLE_STRICT_OBJC_MSGSEND = YES;
				ENABLE_TESTABILITY = YES;
				GCC_C_LANGUAGE_STANDARD = gnu11;
				GCC_DYNAMIC_NO_PIC = NO;
				GCC_NO_COMMON_BLOCKS = YES;
				GCC_OPTIMIZATION_LEVEL = 0;
				GCC_PREPROCESSOR_DEFINITIONS = (
					"DEBUG=1",
					"$(inherited)",
				);
				GCC_WARN_64_TO_32_BIT_CONVERSION = YES;
				GCC_WARN_ABOUT_RETURN_TYPE = YES_ERROR;
				GCC_WARN_UNDECLARED_SELECTOR = YES;
				GCC_WARN_UNINITIALIZED_AUTOS = YES_AGGRESSIVE;
				GCC_WARN_UNUSED_FUNCTION = YES;
				GCC_WARN_UNUSED_VARIABLE = YES;
				IPHONEOS_DEPLOYMENT_TARGET = 13.1;
				MTL_ENABLE_DEBUG_INFO = INCLUDE_SOURCE;
				MTL_FAST_MATH = YES;
				ONLY_ACTIVE_ARCH = YES;
				SDKROOT = iphoneos;
				SWIFT_ACTIVE_COMPILATION_CONDITIONS = DEBUG;
				SWIFT_OPTIMIZATION_LEVEL = "-Onone";
			};
			name = Debug;
		};
		2666C91824A495EF009D7F6C /* Release */ = {
			isa = XCBuildConfiguration;
			buildSettings = {
				ALWAYS_SEARCH_USER_PATHS = NO;
				CLANG_ANALYZER_NONNULL = YES;
				CLANG_ANALYZER_NUMBER_OBJECT_CONVERSION = YES_AGGRESSIVE;
				CLANG_CXX_LANGUAGE_STANDARD = "gnu++14";
				CLANG_CXX_LIBRARY = "libc++";
				CLANG_ENABLE_MODULES = YES;
				CLANG_ENABLE_OBJC_ARC = YES;
				CLANG_ENABLE_OBJC_WEAK = YES;
				CLANG_WARN_BLOCK_CAPTURE_AUTORELEASING = YES;
				CLANG_WARN_BOOL_CONVERSION = YES;
				CLANG_WARN_COMMA = YES;
				CLANG_WARN_CONSTANT_CONVERSION = YES;
				CLANG_WARN_DEPRECATED_OBJC_IMPLEMENTATIONS = YES;
				CLANG_WARN_DIRECT_OBJC_ISA_USAGE = YES_ERROR;
				CLANG_WARN_DOCUMENTATION_COMMENTS = YES;
				CLANG_WARN_EMPTY_BODY = YES;
				CLANG_WARN_ENUM_CONVERSION = YES;
				CLANG_WARN_INFINITE_RECURSION = YES;
				CLANG_WARN_INT_CONVERSION = YES;
				CLANG_WARN_NON_LITERAL_NULL_CONVERSION = YES;
				CLANG_WARN_OBJC_IMPLICIT_RETAIN_SELF = YES;
				CLANG_WARN_OBJC_LITERAL_CONVERSION = YES;
				CLANG_WARN_OBJC_ROOT_CLASS = YES_ERROR;
				CLANG_WARN_RANGE_LOOP_ANALYSIS = YES;
				CLANG_WARN_STRICT_PROTOTYPES = YES;
				CLANG_WARN_SUSPICIOUS_MOVE = YES;
				CLANG_WARN_UNGUARDED_AVAILABILITY = YES_AGGRESSIVE;
				CLANG_WARN_UNREACHABLE_CODE = YES;
				CLANG_WARN__DUPLICATE_METHOD_MATCH = YES;
				COPY_PHASE_STRIP = NO;
				DEBUG_INFORMATION_FORMAT = "dwarf-with-dsym";
				ENABLE_NS_ASSERTIONS = NO;
				ENABLE_STRICT_OBJC_MSGSEND = YES;
				GCC_C_LANGUAGE_STANDARD = gnu11;
				GCC_NO_COMMON_BLOCKS = YES;
				GCC_WARN_64_TO_32_BIT_CONVERSION = YES;
				GCC_WARN_ABOUT_RETURN_TYPE = YES_ERROR;
				GCC_WARN_UNDECLARED_SELECTOR = YES;
				GCC_WARN_UNINITIALIZED_AUTOS = YES_AGGRESSIVE;
				GCC_WARN_UNUSED_FUNCTION = YES;
				GCC_WARN_UNUSED_VARIABLE = YES;
				IPHONEOS_DEPLOYMENT_TARGET = 13.1;
				MTL_ENABLE_DEBUG_INFO = NO;
				MTL_FAST_MATH = YES;
				SDKROOT = iphoneos;
				SWIFT_COMPILATION_MODE = wholemodule;
				SWIFT_OPTIMIZATION_LEVEL = "-O";
				VALIDATE_PRODUCT = YES;
			};
			name = Release;
		};
		2666C91A24A495EF009D7F6C /* Debug */ = {
			isa = XCBuildConfiguration;
			buildSettings = {
				ASSETCATALOG_COMPILER_APPICON_NAME = AppIcon;
				CODE_SIGN_STYLE = Automatic;
				DEVELOPMENT_TEAM = 89KUJG2Y2G;
				INFOPLIST_FILE = collectionView/Info.plist;
				LD_RUNPATH_SEARCH_PATHS = (
					"$(inherited)",
					"@executable_path/Frameworks",
				);
				PRODUCT_BUNDLE_IDENTIFIER = jp.techacademy.qbs0001.collectionView;
				PRODUCT_NAME = "$(TARGET_NAME)";
				SWIFT_VERSION = 5.0;
				TARGETED_DEVICE_FAMILY = "1,2";
			};
			name = Debug;
		};
		2666C91B24A495EF009D7F6C /* Release */ = {
			isa = XCBuildConfiguration;
			buildSettings = {
				ASSETCATALOG_COMPILER_APPICON_NAME = AppIcon;
				CODE_SIGN_STYLE = Automatic;
				DEVELOPMENT_TEAM = 89KUJG2Y2G;
				INFOPLIST_FILE = collectionView/Info.plist;
				LD_RUNPATH_SEARCH_PATHS = (
					"$(inherited)",
					"@executable_path/Frameworks",
				);
				PRODUCT_BUNDLE_IDENTIFIER = jp.techacademy.qbs0001.collectionView;
				PRODUCT_NAME = "$(TARGET_NAME)";
				SWIFT_VERSION = 5.0;
				TARGETED_DEVICE_FAMILY = "1,2";
			};
			name = Release;
		};
/* End XCBuildConfiguration section */

/* Begin XCConfigurationList section */
		2666C90024A495ED009D7F6C /* Build configuration list for PBXProject "collectionView" */ = {
			isa = XCConfigurationList;
			buildConfigurations = (
				2666C91724A495EF009D7F6C /* Debug */,
				2666C91824A495EF009D7F6C /* Release */,
			);
			defaultConfigurationIsVisible = 0;
			defaultConfigurationName = Release;
		};
		2666C91924A495EF009D7F6C /* Build configuration list for PBXNativeTarget "collectionView" */ = {
			isa = XCConfigurationList;
			buildConfigurations = (
				2666C91A24A495EF009D7F6C /* Debug */,
				2666C91B24A495EF009D7F6C /* Release */,
			);
			defaultConfigurationIsVisible = 0;
			defaultConfigurationName = Release;
		};
/* End XCConfigurationList section */
	};
	rootObject = 2666C8FD24A495ED009D7F6C /* Project object */;
}
